
Microsoft Visual Studio Solution File, Format Version 11.00
# Visual Studio 2010
Project("{FAE04EC0-301F-11D3-BF4B-00C04F79EFBC}") = "RandomSong", "Assembly-CSharp.csproj", "{DE6AC2FF-87F5-A8F6-8221-89D49A69633C}"
EndProject
Project("{FAE04EC0-301F-11D3-BF4B-00C04F79EFBC}") = "RandomSong", "Assembly-CSharp-Editor.csproj", "{314C02FD-3BE2-52FC-98C9-B6709910FA30}"
EndProject
Global
	GlobalSection(SolutionConfigurationPlatforms) = preSolution
		Debug|Any CPU = Debug|Any CPU
		Release|Any CPU = Release|Any CPU
	EndGlobalSection
	GlobalSection(ProjectConfigurationPlatforms) = postSolution
		{DE6AC2FF-87F5-A8F6-8221-89D49A69633C}.Debug|Any CPU.ActiveCfg = Debug|Any CPU
		{DE6AC2FF-87F5-A8F6-8221-89D49A69633C}.Debug|Any CPU.Build.0 = Debug|Any CPU
		{DE6AC2FF-87F5-A8F6-8221-89D49A69633C}.Release|Any CPU.ActiveCfg = Release|Any CPU
		{DE6AC2FF-87F5-A8F6-8221-89D49A69633C}.Release|Any CPU.Build.0 = Release|Any CPU
		{314C02FD-3BE2-52FC-98C9-B6709910FA30}.Debug|Any CPU.ActiveCfg = Debug|Any CPU
		{314C02FD-3BE2-52FC-98C9-B6709910FA30}.Debug|Any CPU.Build.0 = Debug|Any CPU
		{314C02FD-3BE2-52FC-98C9-B6709910FA30}.Release|Any CPU.ActiveCfg = Release|Any CPU
		{314C02FD-3BE2-52FC-98C9-B6709910FA30}.Release|Any CPU.Build.0 = Release|Any CPU
	EndGlobalSection
	GlobalSection(SolutionProperties) = preSolution
		HideSolutionNode = FALSE
	EndGlobalSection
	GlobalSection(MonoDevelopProperties) = preSolution
		StartupItem = Assembly-CSharp.csproj
	EndGlobalSection
EndGlobal
