
Microsoft Visual Studio Solution File, Format Version 12.00
# Visual Studio 2015
Project("{FAE04EC0-301F-11D3-BF4B-00C04F79EFBC}") = "RandomSong", "RandomSong.csproj", "{C6A4669D-7136-B5B0-7094-47B49CB382D1}"
EndProject
Project("{FAE04EC0-301F-11D3-BF4B-00C04F79EFBC}") = "RandomSong.Editor", "RandomSong.Editor.csproj", "{BFB799C6-82C5-666B-FA37-498AA40EDA2F}"
EndProject
Global
	GlobalSection(SolutionConfigurationPlatforms) = preSolution
		Debug|Any CPU = Debug|Any CPU
		Release|Any CPU = Release|Any CPU
	EndGlobalSection
	GlobalSection(ProjectConfigurationPlatforms) = postSolution
		{C6A4669D-7136-B5B0-7094-47B49CB382D1}.Debug|Any CPU.ActiveCfg = Debug|Any CPU
		{C6A4669D-7136-B5B0-7094-47B49CB382D1}.Debug|Any CPU.Build.0 = Debug|Any CPU
		{C6A4669D-7136-B5B0-7094-47B49CB382D1}.Release|Any CPU.ActiveCfg = Release|Any CPU
		{C6A4669D-7136-B5B0-7094-47B49CB382D1}.Release|Any CPU.Build.0 = Release|Any CPU
		{BFB799C6-82C5-666B-FA37-498AA40EDA2F}.Debug|Any CPU.ActiveCfg = Debug|Any CPU
		{BFB799C6-82C5-666B-FA37-498AA40EDA2F}.Debug|Any CPU.Build.0 = Debug|Any CPU
		{BFB799C6-82C5-666B-FA37-498AA40EDA2F}.Release|Any CPU.ActiveCfg = Release|Any CPU
		{BFB799C6-82C5-666B-FA37-498AA40EDA2F}.Release|Any CPU.Build.0 = Release|Any CPU
	EndGlobalSection
	GlobalSection(SolutionProperties) = preSolution
		HideSolutionNode = FALSE
	EndGlobalSection
EndGlobal
